
Microsoft Visual Studio Solution File, Format Version 12.00
# Visual Studio 14
VisualStudioVersion = 14.0.24720.0
MinimumVisualStudioVersion = 10.0.40219.1
Project("{FAE04EC0-301F-11D3-BF4B-00C04F79EFBC}") = "SCS_Server", "SCS_Server\SCS_Server.csproj", "{0B14C3CB-5528-4342-B067-B72E7BF10CB4}"
EndProject
Project("{FAE04EC0-301F-11D3-BF4B-00C04F79EFBC}") = "SCS_NetCommon", "SCS_NetCommon\SCS_NetCommon.csproj", "{03027483-7574-4BF5-B9D5-1FAFFB05FA25}"
EndProject
Global
	GlobalSection(SolutionConfigurationPlatforms) = preSolution
		Debug|Any CPU = Debug|Any CPU
		Release|Any CPU = Release|Any CPU
	EndGlobalSection
	GlobalSection(ProjectConfigurationPlatforms) = postSolution
		{0B14C3CB-5528-4342-B067-B72E7BF10CB4}.Debug|Any CPU.ActiveCfg = Debug|Any CPU
		{0B14C3CB-5528-4342-B067-B72E7BF10CB4}.Debug|Any CPU.Build.0 = Debug|Any CPU
		{0B14C3CB-5528-4342-B067-B72E7BF10CB4}.Release|Any CPU.ActiveCfg = Release|Any CPU
		{0B14C3CB-5528-4342-B067-B72E7BF10CB4}.Release|Any CPU.Build.0 = Release|Any CPU
		{03027483-7574-4BF5-B9D5-1FAFFB05FA25}.Debug|Any CPU.ActiveCfg = Debug|Any CPU
		{03027483-7574-4BF5-B9D5-1FAFFB05FA25}.Debug|Any CPU.Build.0 = Debug|Any CPU
		{03027483-7574-4BF5-B9D5-1FAFFB05FA25}.Release|Any CPU.ActiveCfg = Release|Any CPU
		{03027483-7574-4BF5-B9D5-1FAFFB05FA25}.Release|Any CPU.Build.0 = Release|Any CPU
	EndGlobalSection
	GlobalSection(SolutionProperties) = preSolution
		HideSolutionNode = FALSE
	EndGlobalSection
EndGlobal
